# THIS IS AN AUTOGENERATED FILE. DO NOT EDIT THIS FILE DIRECTLY.
# yarn lockfile v1


todomvc-app-css@^2.0.0:
  version "2.0.6"
  resolved "https://registry.yarnpkg.com/todomvc-app-css/-/todomvc-app-css-2.0.6.tgz#0b3667c5e189f1568d9a9bf7947ebd928406961d"

todomvc-common@^1.0.1:
  version "1.0.3"
  resolved "https://registry.yarnpkg.com/todomvc-common/-/todomvc-common-1.0.3.tgz#cba1868109caa401b908ebf77794cc1014b74873"
