
Microsoft Visual Studio Solution File, Format Version 12.00
# Visual Studio 14
VisualStudioVersion = 14.0.25420.1
MinimumVisualStudioVersion = 10.0.40219.1
Project("{F2A71F9B-5D33-465A-A702-920D77279786}") = "WsClient", "Client\WsClient.fsproj", "{119E4B4D-4CB0-4282-B844-D32BB4E21AC4}"
EndProject
Project("{F2A71F9B-5D33-465A-A702-920D77279786}") = "WsServer", "Server\WsServer.fsproj", "{A3B248B3-AD1E-4A5C-8A2F-0D41E349B68E}"
EndProject
Global
	GlobalSection(SolutionConfigurationPlatforms) = preSolution
		Debug|Any CPU = Debug|Any CPU
		Release|Any CPU = Release|Any CPU
	EndGlobalSection
	GlobalSection(ProjectConfigurationPlatforms) = postSolution
		{119E4B4D-4CB0-4282-B844-D32BB4E21AC4}.Debug|Any CPU.ActiveCfg = Debug|Any CPU
		{119E4B4D-4CB0-4282-B844-D32BB4E21AC4}.Debug|Any CPU.Build.0 = Debug|Any CPU
		{119E4B4D-4CB0-4282-B844-D32BB4E21AC4}.Release|Any CPU.ActiveCfg = Release|Any CPU
		{119E4B4D-4CB0-4282-B844-D32BB4E21AC4}.Release|Any CPU.Build.0 = Release|Any CPU
		{A3B248B3-AD1E-4A5C-8A2F-0D41E349B68E}.Debug|Any CPU.ActiveCfg = Debug|Any CPU
		{A3B248B3-AD1E-4A5C-8A2F-0D41E349B68E}.Debug|Any CPU.Build.0 = Debug|Any CPU
		{A3B248B3-AD1E-4A5C-8A2F-0D41E349B68E}.Release|Any CPU.ActiveCfg = Release|Any CPU
		{A3B248B3-AD1E-4A5C-8A2F-0D41E349B68E}.Release|Any CPU.Build.0 = Release|Any CPU
	EndGlobalSection
	GlobalSection(SolutionProperties) = preSolution
		HideSolutionNode = FALSE
	EndGlobalSection
EndGlobal
